
Microsoft Visual Studio Solution File, Format Version 12.00
# Visual Studio Version 16
VisualStudioVersion = 16.0.28803.202
MinimumVisualStudioVersion = 10.0.40219.1
Project("{9A19103F-16F7-4668-BE54-9A1E7A4F7556}") = "Store.RepositoryLayer", "StoreInventory.RepositoryLayer\Store.RepositoryLayer.csproj", "{C797FB7A-D51B-4098-B3A6-D17889079301}"
EndProject
Project("{FAE04EC0-301F-11D3-BF4B-00C04F79EFBC}") = "Store.WebAPI", "Store.WebAPI\Store.WebAPI.csproj", "{DA8F1355-2CDA-46DB-B047-70174C43DAAD}"
EndProject
Global
	GlobalSection(SolutionConfigurationPlatforms) = preSolution
		Debug|Any CPU = Debug|Any CPU
		Release|Any CPU = Release|Any CPU
	EndGlobalSection
	GlobalSection(ProjectConfigurationPlatforms) = postSolution
		{C797FB7A-D51B-4098-B3A6-D17889079301}.Debug|Any CPU.ActiveCfg = Debug|Any CPU
		{C797FB7A-D51B-4098-B3A6-D17889079301}.Debug|Any CPU.Build.0 = Debug|Any CPU
		{C797FB7A-D51B-4098-B3A6-D17889079301}.Release|Any CPU.ActiveCfg = Release|Any CPU
		{C797FB7A-D51B-4098-B3A6-D17889079301}.Release|Any CPU.Build.0 = Release|Any CPU
		{DA8F1355-2CDA-46DB-B047-70174C43DAAD}.Debug|Any CPU.ActiveCfg = Debug|Any CPU
		{DA8F1355-2CDA-46DB-B047-70174C43DAAD}.Debug|Any CPU.Build.0 = Debug|Any CPU
		{DA8F1355-2CDA-46DB-B047-70174C43DAAD}.Release|Any CPU.ActiveCfg = Release|Any CPU
		{DA8F1355-2CDA-46DB-B047-70174C43DAAD}.Release|Any CPU.Build.0 = Release|Any CPU
	EndGlobalSection
	GlobalSection(SolutionProperties) = preSolution
		HideSolutionNode = FALSE
	EndGlobalSection
	GlobalSection(ExtensibilityGlobals) = postSolution
		SolutionGuid = {62FC496F-FE2E-4995-91BE-951E24048489}
	EndGlobalSection
EndGlobal
